{
  "name": "csv2web",
  "version": "0.0.2",
  "lockfileVersion": 1,
  "requires": true,
  "dependencies": {
    "ansi-escape-sequences": {
      "version": "3.0.0",
      "resolved": "https://registry.npmjs.org/ansi-escape-sequences/-/ansi-escape-sequences-3.0.0.tgz",
      "integrity": "sha1-HBg5S2r5t2/5pjUJ+kl2af0s5T4=",
      "requires": {
        "array-back": "1.0.4"
      }
    },
    "array-back": {
      "version": "1.0.4",
      "resolved": "https://registry.npmjs.org/array-back/-/array-back-1.0.4.tgz",
      "integrity": "sha1-ZEun8JX3/898Q7Xw3DnTwfA8Bjs=",
      "requires": {
        "typical": "2.6.1"
      }
    },
    "command-line-args": {
      "version": "4.0.6",
      "resolved": "https://registry.npmjs.org/command-line-args/-/command-line-args-4.0.6.tgz",
      "integrity": "sha1-D/h6HdFZiQ3K6yoAWr2uceVQWfw=",
      "requires": {
        "array-back": "1.0.4",
        "find-replace": "1.0.3",
        "typical": "2.6.1"
      }
    },
    "command-line-usage": {
      "version": "4.0.0",
      "resolved": "https://registry.npmjs.org/command-line-usage/-/command-line-usage-4.0.0.tgz",
      "integrity": "sha1-gWsyeItY+f66RNHm2sYPyuspteo=",
      "requires": {
        "ansi-escape-sequences": "3.0.0",
        "array-back": "1.0.4",
        "table-layout": "0.4.0",
        "typical": "2.6.1"
      }
    },
    "csvtojson": {
      "version": "1.1.12",
      "resolved": "https://registry.npmjs.org/csvtojson/-/csvtojson-1.1.12.tgz",
      "integrity": "sha512-gJg1II2uXh8H6XP7L1YzX/6H8rrUbSTiEg4SaI6/pHOcnZovwAR3Rmm9TizSsGQBBXl1pb/JJPlaImV2YIuMrg==",
      "requires": {
        "lodash": "4.17.10",
        "strip-bom": "2.0.0"
      }
    },
    "deep-extend": {
      "version": "0.4.2",
      "resolved": "https://registry.npmjs.org/deep-extend/-/deep-extend-0.4.2.tgz",
      "integrity": "sha1-SLaZwn4zS/ifEIkr5DL25MfTSn8="
    },
    "feature-detect-es6": {
      "version": "1.3.1",
      "resolved": "https://registry.npmjs.org/feature-detect-es6/-/feature-detect-es6-1.3.1.tgz",
      "integrity": "sha1-+IhzavnLDJH1VmO/pHYuuW7nBH8=",
      "requires": {
        "array-back": "1.0.4"
      }
    },
    "find-replace": {
      "version": "1.0.3",
      "resolved": "https://registry.npmjs.org/find-replace/-/find-replace-1.0.3.tgz",
      "integrity": "sha1-uI5zZNLZyVlVnziMZmcNYTBEH6A=",
      "requires": {
        "array-back": "1.0.4",
        "test-value": "2.1.0"
      }
    },
    "is-utf8": {
      "version": "0.2.1",
      "resolved": "https://registry.npmjs.org/is-utf8/-/is-utf8-0.2.1.tgz",
      "integrity": "sha1-Sw2hRCEE0bM2NA6AeX6GXPOffXI="
    },
    "lodash": {
      "version": "4.17.10",
      "resolved": "https://registry.npmjs.org/lodash/-/lodash-4.17.10.tgz",
      "integrity": "sha512-UejweD1pDoXu+AD825lWwp4ZGtSwgnpZxb3JDViD7StjQz+Nb/6l093lx4OQ0foGWNRoc19mWy7BzL+UAK2iVg=="
    },
    "lodash.padend": {
      "version": "4.6.1",
      "resolved": "https://registry.npmjs.org/lodash.padend/-/lodash.padend-4.6.1.tgz",
      "integrity": "sha1-U8y6BH0G4VjTEfRdpiX05J5vFm4="
    },
    "markdown": {
      "version": "0.5.0",
      "resolved": "https://registry.npmjs.org/markdown/-/markdown-0.5.0.tgz",
      "integrity": "sha1-KCBbVlqK51kt4gdGPWY33BgnIrI=",
      "requires": {
        "nopt": "2.1.2"
      },
      "dependencies": {
        "nopt": {
          "version": "2.1.2",
          "resolved": "https://registry.npmjs.org/nopt/-/nopt-2.1.2.tgz",
          "integrity": "sha1-bMzZd7gBMqB3MdbozljCyDA8+a8=",
          "requires": {
            "abbrev": "1.1.0"
          },
          "dependencies": {
            "abbrev": {
              "version": "1.1.0",
              "resolved": "https://registry.npmjs.org/abbrev/-/abbrev-1.1.0.tgz",
              "integrity": "sha1-0FVMIlZjbi9W58LlrRg/hZQo2B8="
            }
          }
        }
      }
    },
    "mustache": {
      "version": "2.3.2",
      "resolved": "https://registry.npmjs.org/mustache/-/mustache-2.3.2.tgz",
      "integrity": "sha512-KpMNwdQsYz3O/SBS1qJ/o3sqUJ5wSb8gb0pul8CO0S56b9Y2ALm8zCfsjPXsqGFfoNBkDwZuZIAjhsZI03gYVQ=="
    },
    "reduce-flatten": {
      "version": "1.0.1",
      "resolved": "https://registry.npmjs.org/reduce-flatten/-/reduce-flatten-1.0.1.tgz",
      "integrity": "sha1-JYx479FT3fk8tWEjf2EYTzaW4yc="
    },
    "strip-bom": {
      "version": "2.0.0",
      "resolved": "https://registry.npmjs.org/strip-bom/-/strip-bom-2.0.0.tgz",
      "integrity": "sha1-YhmoVhZSBJHzV4i9vxRHqZx+aw4=",
      "requires": {
        "is-utf8": "0.2.1"
      }
    },
    "table-layout": {
      "version": "0.4.0",
      "resolved": "https://registry.npmjs.org/table-layout/-/table-layout-0.4.0.tgz",
      "integrity": "sha1-xw/wRV2a3WO5H3wVp3kmKVwODn0=",
      "requires": {
        "array-back": "1.0.4",
        "deep-extend": "0.4.2",
        "lodash.padend": "4.6.1",
        "typical": "2.6.1",
        "wordwrapjs": "2.0.0"
      }
    },
    "test-value": {
      "version": "2.1.0",
      "resolved": "https://registry.npmjs.org/test-value/-/test-value-2.1.0.tgz",
      "integrity": "sha1-Edpv9nDzRxpztiXKTz/c97t0gpE=",
      "requires": {
        "array-back": "1.0.4",
        "typical": "2.6.1"
      }
    },
    "typical": {
      "version": "2.6.1",
      "resolved": "https://registry.npmjs.org/typical/-/typical-2.6.1.tgz",
      "integrity": "sha1-XAgOXWYcu+OCWdLnCjxyU+hziB0="
    },
    "wordwrapjs": {
      "version": "2.0.0",
      "resolved": "https://registry.npmjs.org/wordwrapjs/-/wordwrapjs-2.0.0.tgz",
      "integrity": "sha1-q1X2leYRjak4WP3XDAU9HF4BrCA=",
      "requires": {
        "array-back": "1.0.4",
        "feature-detect-es6": "1.3.1",
        "reduce-flatten": "1.0.1",
        "typical": "2.6.1"
      }
    }
  }
}
